
Microsoft Visual Studio Solution File, Format Version 12.00
# Visual Studio Version 16
VisualStudioVersion = 16.0.28917.181
MinimumVisualStudioVersion = 10.0.40219.1
Project("{9A19103F-16F7-4668-BE54-9A1E7A4F7556}") = "LiskovPrinciple", "LiskovPrinciple\LiskovPrinciple.csproj", "{477070F1-B7EC-4D76-A8A6-446A2918C5A1}"
EndProject
Project("{9A19103F-16F7-4668-BE54-9A1E7A4F7556}") = "DecoratorPattern", "DecoratorPattern\DecoratorPattern.csproj", "{99FDDA38-D1E6-440C-BE80-206DA3FD62E8}"
EndProject
Project("{9A19103F-16F7-4668-BE54-9A1E7A4F7556}") = "BehavioralPattern", "BehavioralPattern\BehavioralPattern.csproj", "{4713A41E-D961-42DD-B9EC-C9E2670C66DA}"
EndProject
Project("{FAE04EC0-301F-11D3-BF4B-00C04F79EFBC}") = "ObserverPattern", "ObserverPattern\ObserverPattern.csproj", "{AE819CB1-0CF1-4ADD-96E7-CAA6DBFAC22F}"
EndProject
Global
	GlobalSection(SolutionConfigurationPlatforms) = preSolution
		Debug|Any CPU = Debug|Any CPU
		Release|Any CPU = Release|Any CPU
	EndGlobalSection
	GlobalSection(ProjectConfigurationPlatforms) = postSolution
		{477070F1-B7EC-4D76-A8A6-446A2918C5A1}.Debug|Any CPU.ActiveCfg = Debug|Any CPU
		{477070F1-B7EC-4D76-A8A6-446A2918C5A1}.Debug|Any CPU.Build.0 = Debug|Any CPU
		{477070F1-B7EC-4D76-A8A6-446A2918C5A1}.Release|Any CPU.ActiveCfg = Release|Any CPU
		{477070F1-B7EC-4D76-A8A6-446A2918C5A1}.Release|Any CPU.Build.0 = Release|Any CPU
		{99FDDA38-D1E6-440C-BE80-206DA3FD62E8}.Debug|Any CPU.ActiveCfg = Debug|Any CPU
		{99FDDA38-D1E6-440C-BE80-206DA3FD62E8}.Debug|Any CPU.Build.0 = Debug|Any CPU
		{99FDDA38-D1E6-440C-BE80-206DA3FD62E8}.Release|Any CPU.ActiveCfg = Release|Any CPU
		{99FDDA38-D1E6-440C-BE80-206DA3FD62E8}.Release|Any CPU.Build.0 = Release|Any CPU
		{4713A41E-D961-42DD-B9EC-C9E2670C66DA}.Debug|Any CPU.ActiveCfg = Debug|Any CPU
		{4713A41E-D961-42DD-B9EC-C9E2670C66DA}.Debug|Any CPU.Build.0 = Debug|Any CPU
		{4713A41E-D961-42DD-B9EC-C9E2670C66DA}.Release|Any CPU.ActiveCfg = Release|Any CPU
		{4713A41E-D961-42DD-B9EC-C9E2670C66DA}.Release|Any CPU.Build.0 = Release|Any CPU
		{AE819CB1-0CF1-4ADD-96E7-CAA6DBFAC22F}.Debug|Any CPU.ActiveCfg = Debug|Any CPU
		{AE819CB1-0CF1-4ADD-96E7-CAA6DBFAC22F}.Debug|Any CPU.Build.0 = Debug|Any CPU
		{AE819CB1-0CF1-4ADD-96E7-CAA6DBFAC22F}.Release|Any CPU.ActiveCfg = Release|Any CPU
		{AE819CB1-0CF1-4ADD-96E7-CAA6DBFAC22F}.Release|Any CPU.Build.0 = Release|Any CPU
	EndGlobalSection
	GlobalSection(SolutionProperties) = preSolution
		HideSolutionNode = FALSE
	EndGlobalSection
	GlobalSection(ExtensibilityGlobals) = postSolution
		SolutionGuid = {5B69D1BC-394A-4825-8D61-843370BB7B0B}
	EndGlobalSection
EndGlobal
