Microsoft Visual Studio Solution File, Format Version 12.00
# Visual Studio 15
VisualStudioVersion = 15.0.26124.0
MinimumVisualStudioVersion = 15.0.26124.0
Project("{9A19103F-16F7-4668-BE54-9A1E7A4F7556}") = "FlixOne.InventoryManagement", "FlixOne.InventoryManagement\FlixOne.InventoryManagement.csproj", "{86BFCEF4-F1DD-4EBC-859D-B1AA5826C4D0}"
EndProject
Project("{9A19103F-16F7-4668-BE54-9A1E7A4F7556}") = "FlixOne.InventoryManagementClient", "FlixOne.InventoryManagementClient\FlixOne.InventoryManagementClient.csproj", "{BB3223EC-2F37-40D1-9EC9-38D6848B00B6}"
EndProject
Project("{9A19103F-16F7-4668-BE54-9A1E7A4F7556}") = "FlixOne.InventoryManagementTests", "FlixOne.InventoryManagementTests\FlixOne.InventoryManagementTests.csproj", "{1E8954D2-D9A3-4E09-92F1-DE63233B74F9}"
EndProject
Global
	GlobalSection(SolutionConfigurationPlatforms) = preSolution
		Debug|Any CPU = Debug|Any CPU
		Debug|x64 = Debug|x64
		Debug|x86 = Debug|x86
		Release|Any CPU = Release|Any CPU
		Release|x64 = Release|x64
		Release|x86 = Release|x86
	EndGlobalSection
	GlobalSection(ProjectConfigurationPlatforms) = postSolution
		{86BFCEF4-F1DD-4EBC-859D-B1AA5826C4D0}.Debug|Any CPU.ActiveCfg = Debug|Any CPU
		{86BFCEF4-F1DD-4EBC-859D-B1AA5826C4D0}.Debug|Any CPU.Build.0 = Debug|Any CPU
		{86BFCEF4-F1DD-4EBC-859D-B1AA5826C4D0}.Debug|x64.ActiveCfg = Debug|Any CPU
		{86BFCEF4-F1DD-4EBC-859D-B1AA5826C4D0}.Debug|x64.Build.0 = Debug|Any CPU
		{86BFCEF4-F1DD-4EBC-859D-B1AA5826C4D0}.Debug|x86.ActiveCfg = Debug|Any CPU
		{86BFCEF4-F1DD-4EBC-859D-B1AA5826C4D0}.Debug|x86.Build.0 = Debug|Any CPU
		{86BFCEF4-F1DD-4EBC-859D-B1AA5826C4D0}.Release|Any CPU.ActiveCfg = Release|Any CPU
		{86BFCEF4-F1DD-4EBC-859D-B1AA5826C4D0}.Release|Any CPU.Build.0 = Release|Any CPU
		{86BFCEF4-F1DD-4EBC-859D-B1AA5826C4D0}.Release|x64.ActiveCfg = Release|Any CPU
		{86BFCEF4-F1DD-4EBC-859D-B1AA5826C4D0}.Release|x64.Build.0 = Release|Any CPU
		{86BFCEF4-F1DD-4EBC-859D-B1AA5826C4D0}.Release|x86.ActiveCfg = Release|Any CPU
		{86BFCEF4-F1DD-4EBC-859D-B1AA5826C4D0}.Release|x86.Build.0 = Release|Any CPU
		{BB3223EC-2F37-40D1-9EC9-38D6848B00B6}.Debug|Any CPU.ActiveCfg = Debug|Any CPU
		{BB3223EC-2F37-40D1-9EC9-38D6848B00B6}.Debug|Any CPU.Build.0 = Debug|Any CPU
		{BB3223EC-2F37-40D1-9EC9-38D6848B00B6}.Debug|x64.ActiveCfg = Debug|Any CPU
		{BB3223EC-2F37-40D1-9EC9-38D6848B00B6}.Debug|x64.Build.0 = Debug|Any CPU
		{BB3223EC-2F37-40D1-9EC9-38D6848B00B6}.Debug|x86.ActiveCfg = Debug|Any CPU
		{BB3223EC-2F37-40D1-9EC9-38D6848B00B6}.Debug|x86.Build.0 = Debug|Any CPU
		{BB3223EC-2F37-40D1-9EC9-38D6848B00B6}.Release|Any CPU.ActiveCfg = Release|Any CPU
		{BB3223EC-2F37-40D1-9EC9-38D6848B00B6}.Release|Any CPU.Build.0 = Release|Any CPU
		{BB3223EC-2F37-40D1-9EC9-38D6848B00B6}.Release|x64.ActiveCfg = Release|Any CPU
		{BB3223EC-2F37-40D1-9EC9-38D6848B00B6}.Release|x64.Build.0 = Release|Any CPU
		{BB3223EC-2F37-40D1-9EC9-38D6848B00B6}.Release|x86.ActiveCfg = Release|Any CPU
		{BB3223EC-2F37-40D1-9EC9-38D6848B00B6}.Release|x86.Build.0 = Release|Any CPU
		{1E8954D2-D9A3-4E09-92F1-DE63233B74F9}.Debug|Any CPU.ActiveCfg = Debug|Any CPU
		{1E8954D2-D9A3-4E09-92F1-DE63233B74F9}.Debug|Any CPU.Build.0 = Debug|Any CPU
		{1E8954D2-D9A3-4E09-92F1-DE63233B74F9}.Debug|x64.ActiveCfg = Debug|Any CPU
		{1E8954D2-D9A3-4E09-92F1-DE63233B74F9}.Debug|x64.Build.0 = Debug|Any CPU
		{1E8954D2-D9A3-4E09-92F1-DE63233B74F9}.Debug|x86.ActiveCfg = Debug|Any CPU
		{1E8954D2-D9A3-4E09-92F1-DE63233B74F9}.Debug|x86.Build.0 = Debug|Any CPU
		{1E8954D2-D9A3-4E09-92F1-DE63233B74F9}.Release|Any CPU.ActiveCfg = Release|Any CPU
		{1E8954D2-D9A3-4E09-92F1-DE63233B74F9}.Release|Any CPU.Build.0 = Release|Any CPU
		{1E8954D2-D9A3-4E09-92F1-DE63233B74F9}.Release|x64.ActiveCfg = Release|Any CPU
		{1E8954D2-D9A3-4E09-92F1-DE63233B74F9}.Release|x64.Build.0 = Release|Any CPU
		{1E8954D2-D9A3-4E09-92F1-DE63233B74F9}.Release|x86.ActiveCfg = Release|Any CPU
		{1E8954D2-D9A3-4E09-92F1-DE63233B74F9}.Release|x86.Build.0 = Release|Any CPU
	EndGlobalSection
	GlobalSection(SolutionProperties) = preSolution
		HideSolutionNode = FALSE
	EndGlobalSection
	GlobalSection(ExtensibilityGlobals) = postSolution
		SolutionGuid = {21417C85-2881-4974-937E-48F11534B145}
	EndGlobalSection
EndGlobal
