
Microsoft Visual Studio Solution File, Format Version 12.00
# Visual Studio 15
VisualStudioVersion = 15.0.28307.572
MinimumVisualStudioVersion = 10.0.40219.1
Project("{FAE04EC0-301F-11D3-BF4B-00C04F79EFBC}") = "ConferenceTicketing", "ConferenceTicketing\ConferenceTicketing.csproj", "{154173E2-CCCC-45CA-80E3-C7A64157036D}"
EndProject
Global
	GlobalSection(SolutionConfigurationPlatforms) = preSolution
		Debug|Any CPU = Debug|Any CPU
		Release|Any CPU = Release|Any CPU
	EndGlobalSection
	GlobalSection(ProjectConfigurationPlatforms) = postSolution
		{154173E2-CCCC-45CA-80E3-C7A64157036D}.Debug|Any CPU.ActiveCfg = Debug|Any CPU
		{154173E2-CCCC-45CA-80E3-C7A64157036D}.Debug|Any CPU.Build.0 = Debug|Any CPU
		{154173E2-CCCC-45CA-80E3-C7A64157036D}.Release|Any CPU.ActiveCfg = Release|Any CPU
		{154173E2-CCCC-45CA-80E3-C7A64157036D}.Release|Any CPU.Build.0 = Release|Any CPU
	EndGlobalSection
	GlobalSection(SolutionProperties) = preSolution
		HideSolutionNode = FALSE
	EndGlobalSection
	GlobalSection(ExtensibilityGlobals) = postSolution
		SolutionGuid = {FDA0D996-F6DA-4BE6-8A24-9C8B6746A5E0}
	EndGlobalSection
EndGlobal
