
Microsoft Visual Studio Solution File, Format Version 12.00
# Visual Studio 15
VisualStudioVersion = 15.0.28307.572
MinimumVisualStudioVersion = 10.0.40219.1
Project("{9A19103F-16F7-4668-BE54-9A1E7A4F7556}") = "FlixOne.API", "FlixOne.API\FlixOne.API.csproj", "{5EABDFE1-AD91-4114-A8AF-AEB59D079828}"
EndProject
Project("{9A19103F-16F7-4668-BE54-9A1E7A4F7556}") = "FlixOne.CQRS", "FlixOne.CQRS\FlixOne.CQRS.csproj", "{79F0B7B5-620E-48B8-B19D-48CB3685340D}"
EndProject
Project("{FAE04EC0-301F-11D3-BF4B-00C04F79EFBC}") = "FlixOne.DB", "FlixOne.DB\FlixOne.DB.csproj", "{C7942532-697D-46F1-8EC6-E92DCF221B50}"
EndProject
Project("{FAE04EC0-301F-11D3-BF4B-00C04F79EFBC}") = "FlixOne.Common", "FlixOne.Common\FlixOne.Common.csproj", "{8E650709-DB6D-412C-91F1-E88A0747E987}"
EndProject
Global
	GlobalSection(SolutionConfigurationPlatforms) = preSolution
		Debug|Any CPU = Debug|Any CPU
		Release|Any CPU = Release|Any CPU
	EndGlobalSection
	GlobalSection(ProjectConfigurationPlatforms) = postSolution
		{5EABDFE1-AD91-4114-A8AF-AEB59D079828}.Debug|Any CPU.ActiveCfg = Debug|Any CPU
		{5EABDFE1-AD91-4114-A8AF-AEB59D079828}.Debug|Any CPU.Build.0 = Debug|Any CPU
		{5EABDFE1-AD91-4114-A8AF-AEB59D079828}.Release|Any CPU.ActiveCfg = Release|Any CPU
		{5EABDFE1-AD91-4114-A8AF-AEB59D079828}.Release|Any CPU.Build.0 = Release|Any CPU
		{79F0B7B5-620E-48B8-B19D-48CB3685340D}.Debug|Any CPU.ActiveCfg = Debug|Any CPU
		{79F0B7B5-620E-48B8-B19D-48CB3685340D}.Debug|Any CPU.Build.0 = Debug|Any CPU
		{79F0B7B5-620E-48B8-B19D-48CB3685340D}.Release|Any CPU.ActiveCfg = Release|Any CPU
		{79F0B7B5-620E-48B8-B19D-48CB3685340D}.Release|Any CPU.Build.0 = Release|Any CPU
		{C7942532-697D-46F1-8EC6-E92DCF221B50}.Debug|Any CPU.ActiveCfg = Debug|Any CPU
		{C7942532-697D-46F1-8EC6-E92DCF221B50}.Debug|Any CPU.Build.0 = Debug|Any CPU
		{C7942532-697D-46F1-8EC6-E92DCF221B50}.Release|Any CPU.ActiveCfg = Release|Any CPU
		{C7942532-697D-46F1-8EC6-E92DCF221B50}.Release|Any CPU.Build.0 = Release|Any CPU
		{8E650709-DB6D-412C-91F1-E88A0747E987}.Debug|Any CPU.ActiveCfg = Debug|Any CPU
		{8E650709-DB6D-412C-91F1-E88A0747E987}.Debug|Any CPU.Build.0 = Debug|Any CPU
		{8E650709-DB6D-412C-91F1-E88A0747E987}.Release|Any CPU.ActiveCfg = Release|Any CPU
		{8E650709-DB6D-412C-91F1-E88A0747E987}.Release|Any CPU.Build.0 = Release|Any CPU
	EndGlobalSection
	GlobalSection(SolutionProperties) = preSolution
		HideSolutionNode = FALSE
	EndGlobalSection
	GlobalSection(ExtensibilityGlobals) = postSolution
		SolutionGuid = {08AFA369-FFCB-4A71-B595-C98E3CA7B2C4}
	EndGlobalSection
EndGlobal
