
Microsoft Visual Studio Solution File, Format Version 12.00
# Visual Studio 15
VisualStudioVersion = 15.0.28307.329
MinimumVisualStudioVersion = 10.0.40219.1
Project("{FAE04EC0-301F-11D3-BF4B-00C04F79EFBC}") = "FlixOne.Web", "FlixOne.Web\FlixOne.Web.csproj", "{C3E316D1-FB2D-4E1F-869A-47E4046477F2}"
EndProject
Global
	GlobalSection(SolutionConfigurationPlatforms) = preSolution
		Debug|Any CPU = Debug|Any CPU
		Release|Any CPU = Release|Any CPU
	EndGlobalSection
	GlobalSection(ProjectConfigurationPlatforms) = postSolution
		{C3E316D1-FB2D-4E1F-869A-47E4046477F2}.Debug|Any CPU.ActiveCfg = Debug|Any CPU
		{C3E316D1-FB2D-4E1F-869A-47E4046477F2}.Debug|Any CPU.Build.0 = Debug|Any CPU
		{C3E316D1-FB2D-4E1F-869A-47E4046477F2}.Release|Any CPU.ActiveCfg = Release|Any CPU
		{C3E316D1-FB2D-4E1F-869A-47E4046477F2}.Release|Any CPU.Build.0 = Release|Any CPU
	EndGlobalSection
	GlobalSection(SolutionProperties) = preSolution
		HideSolutionNode = FALSE
	EndGlobalSection
	GlobalSection(ExtensibilityGlobals) = postSolution
		SolutionGuid = {4BBB2C79-9A02-4270-A0D3-C89556CCC7EA}
	EndGlobalSection
EndGlobal
