
Microsoft Visual Studio Solution File, Format Version 12.00
# Visual Studio 15
VisualStudioVersion = 15.0.28307.572
MinimumVisualStudioVersion = 10.0.40219.1
Project("{FAE04EC0-301F-11D3-BF4B-00C04F79EFBC}") = "BestPractices", "BestPractices\BestPractices.csproj", "{7FE4ABDA-7E5D-4360-B512-6D975A7EB59D}"
EndProject
Global
	GlobalSection(SolutionConfigurationPlatforms) = preSolution
		Debug|Any CPU = Debug|Any CPU
		Release|Any CPU = Release|Any CPU
	EndGlobalSection
	GlobalSection(ProjectConfigurationPlatforms) = postSolution
		{7FE4ABDA-7E5D-4360-B512-6D975A7EB59D}.Debug|Any CPU.ActiveCfg = Debug|Any CPU
		{7FE4ABDA-7E5D-4360-B512-6D975A7EB59D}.Debug|Any CPU.Build.0 = Debug|Any CPU
		{7FE4ABDA-7E5D-4360-B512-6D975A7EB59D}.Release|Any CPU.ActiveCfg = Release|Any CPU
		{7FE4ABDA-7E5D-4360-B512-6D975A7EB59D}.Release|Any CPU.Build.0 = Release|Any CPU
	EndGlobalSection
	GlobalSection(SolutionProperties) = preSolution
		HideSolutionNode = FALSE
	EndGlobalSection
	GlobalSection(ExtensibilityGlobals) = postSolution
		SolutionGuid = {A49EC112-D95F-4F95-976C-791860A97F8F}
	EndGlobalSection
EndGlobal
