
Microsoft Visual Studio Solution File, Format Version 12.00
# Visual Studio 15
VisualStudioVersion = 15.0.28307.572
MinimumVisualStudioVersion = 10.0.40219.1
Project("{FAE04EC0-301F-11D3-BF4B-00C04F79EFBC}") = "FlixOne.Web", "FlixOne.Web\FlixOne.Web.csproj", "{D5A4152F-8236-4556-8425-62A60693E717}"
EndProject
Global
	GlobalSection(SolutionConfigurationPlatforms) = preSolution
		Debug|Any CPU = Debug|Any CPU
		Release|Any CPU = Release|Any CPU
	EndGlobalSection
	GlobalSection(ProjectConfigurationPlatforms) = postSolution
		{D5A4152F-8236-4556-8425-62A60693E717}.Debug|Any CPU.ActiveCfg = Debug|Any CPU
		{D5A4152F-8236-4556-8425-62A60693E717}.Debug|Any CPU.Build.0 = Debug|Any CPU
		{D5A4152F-8236-4556-8425-62A60693E717}.Release|Any CPU.ActiveCfg = Release|Any CPU
		{D5A4152F-8236-4556-8425-62A60693E717}.Release|Any CPU.Build.0 = Release|Any CPU
	EndGlobalSection
	GlobalSection(SolutionProperties) = preSolution
		HideSolutionNode = FALSE
	EndGlobalSection
	GlobalSection(ExtensibilityGlobals) = postSolution
		SolutionGuid = {4D9D357A-2455-440F-9299-065BAD072023}
	EndGlobalSection
EndGlobal
