
Microsoft Visual Studio Solution File, Format Version 12.00
# Visual Studio 15
VisualStudioVersion = 15.0.27703.2035
MinimumVisualStudioVersion = 10.0.40219.1
Project("{FAE04EC0-301F-11D3-BF4B-00C04F79EFBC}") = "MyPets", "..\MyPets\MyPets.csproj", "{95ACEBFC-2518-4BA4-B956-EB9AD5052A0B}"
EndProject
Global
	GlobalSection(SolutionConfigurationPlatforms) = preSolution
		Debug|Any CPU = Debug|Any CPU
		Release|Any CPU = Release|Any CPU
	EndGlobalSection
	GlobalSection(ProjectConfigurationPlatforms) = postSolution
		{95ACEBFC-2518-4BA4-B956-EB9AD5052A0B}.Debug|Any CPU.ActiveCfg = Debug|Any CPU
		{95ACEBFC-2518-4BA4-B956-EB9AD5052A0B}.Debug|Any CPU.Build.0 = Debug|Any CPU
		{95ACEBFC-2518-4BA4-B956-EB9AD5052A0B}.Release|Any CPU.ActiveCfg = Release|Any CPU
		{95ACEBFC-2518-4BA4-B956-EB9AD5052A0B}.Release|Any CPU.Build.0 = Release|Any CPU
	EndGlobalSection
	GlobalSection(SolutionProperties) = preSolution
		HideSolutionNode = FALSE
	EndGlobalSection
	GlobalSection(ExtensibilityGlobals) = postSolution
		SolutionGuid = {FD90FB57-F131-499D-9462-78581D668D05}
	EndGlobalSection
EndGlobal
